<?xml version="1.0" encoding="utf-8"?>
<Project ToolsVersion="4.0" xmlns="http://schemas.microsoft.com/developer/msbuild/2003">
  <ItemGroup>
    <ClCompile Include="main.cpp" />
    <ClCompile Include="Background.cpp">
      <Filter>Game Helpers</Filter>
    </ClCompile>
    <ClCompile Include="Camera.cpp">
      <Filter>Game Helpers</Filter>
    </ClCompile>
    <ClCompile Include="DebugCircle.hpp">
      <Filter>Utils</Filter>
    </ClCompile>
    <ClCompile Include="Collidable.cpp">
      <Filter>Base Classes</Filter>
    </ClCompile>
    <ClCompile Include="Obstacle.cpp">
      <Filter>Base Classes</Filter>
    </ClCompile>
    <ClCompile Include="Obstacle.hpp">
      <Filter>Base Classes</Filter>
    </ClCompile>
    <ClCompile Include="Enemy.cpp">
      <Filter>Entities</Filter>
    </ClCompile>
    <ClCompile Include="PlayerBall.cpp">
      <Filter>Entities</Filter>
    </ClCompile>
    <ClCompile Include="coin.cpp">
      <Filter>Entities</Filter>
    </ClCompile>
    <ClCompile Include="WorldLoader.cpp">
      <Filter>Game Helpers</Filter>
    </ClCompile>
  </ItemGroup>
  <ItemGroup>
    <ClInclude Include="Background.hpp">
      <Filter>Game Helpers</Filter>
    </ClInclude>
    <ClInclude Include="Camera.hpp">
      <Filter>Game Helpers</Filter>
    </ClInclude>
    <ClInclude Include="CollisionHelper.hpp">
      <Filter>Utils</Filter>
    </ClInclude>
    <ClInclude Include="Collidable.hpp">
      <Filter>Base Classes</Filter>
    </ClInclude>
    <ClInclude Include="Enemy.hpp">
      <Filter>Entities</Filter>
    </ClInclude>
    <ClInclude Include="PlayerBall.hpp">
      <Filter>Entities</Filter>
    </ClInclude>
    <ClInclude Include="coin.hpp">
      <Filter>Entities</Filter>
    </ClInclude>
    <ClInclude Include="WorldLoader.hpp">
      <Filter>Game Helpers</Filter>
    </ClInclude>
  </ItemGroup>
  <ItemGroup>
    <Filter Include="Utils">
      <UniqueIdentifier>{dc43e905-9594-49bb-91c8-552432e6b088}</UniqueIdentifier>
    </Filter>
    <Filter Include="Game Helpers">
      <UniqueIdentifier>{a25a89ec-03b6-43bb-a47f-e93d25d4ed73}</UniqueIdentifier>
    </Filter>
    <Filter Include="Entities">
      <UniqueIdentifier>{3be63dd6-d9dc-44aa-9b74-5e5417e80420}</UniqueIdentifier>
    </Filter>
    <Filter Include="Base Classes">
      <UniqueIdentifier>{c5019821-2cc1-4efa-aae1-df2417d310aa}</UniqueIdentifier>
    </Filter>
    <Filter Include="Levels">
      <UniqueIdentifier>{ae8cf39d-19d8-4f3d-adac-464b3d5491b0}</UniqueIdentifier>
    </Filter>
  </ItemGroup>
  <ItemGroup>
    <Text Include="Level1.txt">
      <Filter>Levels</Filter>
    </Text>
  </ItemGroup>
</Project>