<?xml version="1.0" encoding="utf-8"?>
<Project ToolsVersion="4.0" xmlns="http://schemas.microsoft.com/developer/msbuild/2003">
  <ItemGroup>
    <ClCompile Include="main.cpp" />
    <ClCompile Include="DebugCircle.hpp" />
    <ClCompile Include="Obstacle.cpp" />
    <ClCompile Include="Obstacle.hpp" />
    <ClCompile Include="PlayerBall.cpp" />
    <ClCompile Include="Background.cpp" />
    <ClCompile Include="coin.cpp" />
  </ItemGroup>
  <ItemGroup>
    <ClInclude Include="CollisionHelper.hpp" />
    <ClInclude Include="Line.hpp" />
    <ClInclude Include="PlayerBall.hpp" />
    <ClInclude Include="Background.hpp" />
    <ClInclude Include="coin.hpp" />
  </ItemGroup>
</Project>